
Microsoft Visual Studio Solution File, Format Version 12.00
# Visual Studio 14
VisualStudioVersion = 14.0.25420.1
MinimumVisualStudioVersion = 10.0.40219.1
Project("{FAE04EC0-301F-11D3-BF4B-00C04F79EFBC}") = "CliModline", "CliModline\CliModline.csproj", "{1D42898A-5F7A-442E-9565-768819811FB0}"
EndProject
Project("{FAE04EC0-301F-11D3-BF4B-00C04F79EFBC}") = "CliModline.Test", "CliModline.Test\CliModline.Test.csproj", "{78469802-4DE1-4B59-97B8-C4554877B8C3}"
EndProject
Global
	GlobalSection(SolutionConfigurationPlatforms) = preSolution
		Debug|Any CPU = Debug|Any CPU
		Release|Any CPU = Release|Any CPU
	EndGlobalSection
	GlobalSection(ProjectConfigurationPlatforms) = postSolution
		{1D42898A-5F7A-442E-9565-768819811FB0}.Debug|Any CPU.ActiveCfg = Debug|Any CPU
		{1D42898A-5F7A-442E-9565-768819811FB0}.Debug|Any CPU.Build.0 = Debug|Any CPU
		{1D42898A-5F7A-442E-9565-768819811FB0}.Release|Any CPU.ActiveCfg = Release|Any CPU
		{1D42898A-5F7A-442E-9565-768819811FB0}.Release|Any CPU.Build.0 = Release|Any CPU
		{78469802-4DE1-4B59-97B8-C4554877B8C3}.Debug|Any CPU.ActiveCfg = Debug|Any CPU
		{78469802-4DE1-4B59-97B8-C4554877B8C3}.Debug|Any CPU.Build.0 = Debug|Any CPU
		{78469802-4DE1-4B59-97B8-C4554877B8C3}.Release|Any CPU.ActiveCfg = Release|Any CPU
		{78469802-4DE1-4B59-97B8-C4554877B8C3}.Release|Any CPU.Build.0 = Release|Any CPU
	EndGlobalSection
	GlobalSection(SolutionProperties) = preSolution
		HideSolutionNode = FALSE
	EndGlobalSection
EndGlobal
